// !$*UTF8*$!
{
	archiveVersion = 1;
	classes = {
	};
	objectVersion = 50;
	objects = {

/* Begin PBXBuildFile section */
		8746258E238314E8004A7D48 /* SignInDelegateProtocol.swift in Sources */ = {isa = PBXBuildFile; fileRef = 8746258D238314E8004A7D48 /* SignInDelegateProtocol.swift */; };
		8799CFD9236ACE05008AC584 /* AppDelegate.swift in Sources */ = {isa = PBXBuildFile; fileRef = 8799CFD8236ACE05008AC584 /* AppDelegate.swift */; };
		8799CFDB236ACE05008AC584 /* SceneDelegate.swift in Sources */ = {isa = PBXBuildFile; fileRef = 8799CFDA236ACE05008AC584 /* SceneDelegate.swift */; };
		8799CFE0236ACE05008AC584 /* Main.storyboard in Resources */ = {isa = PBXBuildFile; fileRef = 8799CFDE236ACE05008AC584 /* Main.storyboard */; };
		8799CFE2236ACE06008AC584 /* Assets.xcassets in Resources */ = {isa = PBXBuildFile; fileRef = 8799CFE1236ACE06008AC584 /* Assets.xcassets */; };
		8799CFE5236ACE06008AC584 /* LaunchScreen.storyboard in Resources */ = {isa = PBXBuildFile; fileRef = 8799CFE3236ACE06008AC584 /* LaunchScreen.storyboard */; };
		87A2EDD223805C0C00F60DEF /* SignInStack.xib in Resources */ = {isa = PBXBuildFile; fileRef = 87A2EDD123805C0C00F60DEF /* SignInStack.xib */; };
		87A2EDD62380622900F60DEF /* SignInStack.swift in Sources */ = {isa = PBXBuildFile; fileRef = 87A2EDD52380622900F60DEF /* SignInStack.swift */; };
		87D6167D237C077200409E18 /* Presentation.storyboard in Resources */ = {isa = PBXBuildFile; fileRef = 87D6167C237C077200409E18 /* Presentation.storyboard */; };
		87D61683237C0B0D00409E18 /* PresentationPageViewController.swift in Sources */ = {isa = PBXBuildFile; fileRef = 87D61682237C0B0D00409E18 /* PresentationPageViewController.swift */; };
		87D61685237C0B2800409E18 /* PresentationViewController.swift in Sources */ = {isa = PBXBuildFile; fileRef = 87D61684237C0B2800409E18 /* PresentationViewController.swift */; };
		87D61687237C1C2C00409E18 /* TabViewController.swift in Sources */ = {isa = PBXBuildFile; fileRef = 87D61686237C1C2C00409E18 /* TabViewController.swift */; };
/* End PBXBuildFile section */

/* Begin PBXFileReference section */
		8746258D238314E8004A7D48 /* SignInDelegateProtocol.swift */ = {isa = PBXFileReference; lastKnownFileType = sourcecode.swift; path = SignInDelegateProtocol.swift; sourceTree = "<group>"; };
		8799CFD5236ACE05008AC584 /* Fridgy Recipes.app */ = {isa = PBXFileReference; explicitFileType = wrapper.application; includeInIndex = 0; path = "Fridgy Recipes.app"; sourceTree = BUILT_PRODUCTS_DIR; };
		8799CFD8236ACE05008AC584 /* AppDelegate.swift */ = {isa = PBXFileReference; lastKnownFileType = sourcecode.swift; path = AppDelegate.swift; sourceTree = "<group>"; };
		8799CFDA236ACE05008AC584 /* SceneDelegate.swift */ = {isa = PBXFileReference; lastKnownFileType = sourcecode.swift; path = SceneDelegate.swift; sourceTree = "<group>"; };
		8799CFDF236ACE05008AC584 /* Base */ = {isa = PBXFileReference; lastKnownFileType = file.storyboard; name = Base; path = Base.lproj/Main.storyboard; sourceTree = "<group>"; };
		8799CFE1236ACE06008AC584 /* Assets.xcassets */ = {isa = PBXFileReference; lastKnownFileType = folder.assetcatalog; path = Assets.xcassets; sourceTree = "<group>"; };
		8799CFE4236ACE06008AC584 /* Base */ = {isa = PBXFileReference; lastKnownFileType = file.storyboard; name = Base; path = Base.lproj/LaunchScreen.storyboard; sourceTree = "<group>"; };
		8799CFE6236ACE06008AC584 /* Info.plist */ = {isa = PBXFileReference; lastKnownFileType = text.plist.xml; path = Info.plist; sourceTree = "<group>"; };
		87A2EDD123805C0C00F60DEF /* SignInStack.xib */ = {isa = PBXFileReference; lastKnownFileType = file.xib; path = SignInStack.xib; sourceTree = "<group>"; };
		87A2EDD52380622900F60DEF /* SignInStack.swift */ = {isa = PBXFileReference; lastKnownFileType = sourcecode.swift; path = SignInStack.swift; sourceTree = "<group>"; };
		87D6167C237C077200409E18 /* Presentation.storyboard */ = {isa = PBXFileReference; lastKnownFileType = file.storyboard; path = Presentation.storyboard; sourceTree = "<group>"; };
		87D61682237C0B0D00409E18 /* PresentationPageViewController.swift */ = {isa = PBXFileReference; lastKnownFileType = sourcecode.swift; path = PresentationPageViewController.swift; sourceTree = "<group>"; };
		87D61684237C0B2800409E18 /* PresentationViewController.swift */ = {isa = PBXFileReference; lastKnownFileType = sourcecode.swift; path = PresentationViewController.swift; sourceTree = "<group>"; };
		87D61686237C1C2C00409E18 /* TabViewController.swift */ = {isa = PBXFileReference; lastKnownFileType = sourcecode.swift; path = TabViewController.swift; sourceTree = "<group>"; };
/* End PBXFileReference section */

/* Begin PBXFrameworksBuildPhase section */
		8799CFD2236ACE05008AC584 /* Frameworks */ = {
			isa = PBXFrameworksBuildPhase;
			buildActionMask = 2147483647;
			files = (
			);
			runOnlyForDeploymentPostprocessing = 0;
		};
/* End PBXFrameworksBuildPhase section */

/* Begin PBXGroup section */
		8799CFCC236ACE05008AC584 = {
			isa = PBXGroup;
			children = (
				8799CFD7236ACE05008AC584 /* Fridgy Recipes */,
				8799CFD6236ACE05008AC584 /* Products */,
			);
			sourceTree = "<group>";
		};
		8799CFD6236ACE05008AC584 /* Products */ = {
			isa = PBXGroup;
			children = (
				8799CFD5236ACE05008AC584 /* Fridgy Recipes.app */,
			);
			name = Products;
			sourceTree = "<group>";
		};
		8799CFD7236ACE05008AC584 /* Fridgy Recipes */ = {
			isa = PBXGroup;
			children = (
				87D6167E237C079500409E18 /* Presentation */,
				87D61686237C1C2C00409E18 /* TabViewController.swift */,
				8799CFDE236ACE05008AC584 /* Main.storyboard */,
				8799CFE6236ACE06008AC584 /* Info.plist */,
				87A2EDD72381786700F60DEF /* Application */,
			);
			path = "Fridgy Recipes";
			sourceTree = "<group>";
		};
		87A2EDD72381786700F60DEF /* Application */ = {
			isa = PBXGroup;
			children = (
				8799CFE1236ACE06008AC584 /* Assets.xcassets */,
				8799CFDA236ACE05008AC584 /* SceneDelegate.swift */,
				8799CFD8236ACE05008AC584 /* AppDelegate.swift */,
				8799CFE3236ACE06008AC584 /* LaunchScreen.storyboard */,
			);
			path = Application;
			sourceTree = "<group>";
		};
		87D6167E237C079500409E18 /* Presentation */ = {
			isa = PBXGroup;
			children = (
				87D61681237C07AF00409E18 /* Controller */,
				87D61680237C07A800409E18 /* View */,
				87D6167F237C07A000409E18 /* Model */,
			);
			path = Presentation;
			sourceTree = "<group>";
		};
		87D6167F237C07A000409E18 /* Model */ = {
			isa = PBXGroup;
			children = (
				8746258D238314E8004A7D48 /* SignInDelegateProtocol.swift */,
			);
			path = Model;
			sourceTree = "<group>";
		};
		87D61680237C07A800409E18 /* View */ = {
			isa = PBXGroup;
			children = (
				87D6167C237C077200409E18 /* Presentation.storyboard */,
				87A2EDD123805C0C00F60DEF /* SignInStack.xib */,
			);
			path = View;
			sourceTree = "<group>";
		};
		87D61681237C07AF00409E18 /* Controller */ = {
			isa = PBXGroup;
			children = (
				87D61682237C0B0D00409E18 /* PresentationPageViewController.swift */,
				87D61684237C0B2800409E18 /* PresentationViewController.swift */,
				87A2EDD52380622900F60DEF /* SignInStack.swift */,
			);
			path = Controller;
			sourceTree = "<group>";
		};
/* End PBXGroup section */

/* Begin PBXNativeTarget section */
		8799CFD4236ACE05008AC584 /* Fridgy Recipes */ = {
			isa = PBXNativeTarget;
			buildConfigurationList = 8799CFE9236ACE06008AC584 /* Build configuration list for PBXNativeTarget "Fridgy Recipes" */;
			buildPhases = (
				8799CFD1236ACE05008AC584 /* Sources */,
				8799CFD2236ACE05008AC584 /* Frameworks */,
				8799CFD3236ACE05008AC584 /* Resources */,
			);
			buildRules = (
			);
			dependencies = (
			);
			name = "Fridgy Recipes";
			productName = "Fridgy Recipes";
			productReference = 8799CFD5236ACE05008AC584 /* Fridgy Recipes.app */;
			productType = "com.apple.product-type.application";
		};
/* End PBXNativeTarget section */

/* Begin PBXProject section */
		8799CFCD236ACE05008AC584 /* Project object */ = {
			isa = PBXProject;
			attributes = {
				LastSwiftUpdateCheck = 1110;
				LastUpgradeCheck = 1110;
				ORGANIZATIONNAME = "Сергей";
				TargetAttributes = {
					8799CFD4236ACE05008AC584 = {
						CreatedOnToolsVersion = 11.1;
					};
				};
			};
			buildConfigurationList = 8799CFD0236ACE05008AC584 /* Build configuration list for PBXProject "Fridgy Recipes" */;
			compatibilityVersion = "Xcode 9.3";
			developmentRegion = en;
			hasScannedForEncodings = 0;
			knownRegions = (
				en,
				Base,
			);
			mainGroup = 8799CFCC236ACE05008AC584;
			productRefGroup = 8799CFD6236ACE05008AC584 /* Products */;
			projectDirPath = "";
			projectRoot = "";
			targets = (
				8799CFD4236ACE05008AC584 /* Fridgy Recipes */,
			);
		};
/* End PBXProject section */

/* Begin PBXResourcesBuildPhase section */
		8799CFD3236ACE05008AC584 /* Resources */ = {
			isa = PBXResourcesBuildPhase;
			buildActionMask = 2147483647;
			files = (
				8799CFE5236ACE06008AC584 /* LaunchScreen.storyboard in Resources */,
				8799CFE2236ACE06008AC584 /* Assets.xcassets in Resources */,
				87D6167D237C077200409E18 /* Presentation.storyboard in Resources */,
				8799CFE0236ACE05008AC584 /* Main.storyboard in Resources */,
				87A2EDD223805C0C00F60DEF /* SignInStack.xib in Resources */,
			);
			runOnlyForDeploymentPostprocessing = 0;
		};
/* End PBXResourcesBuildPhase section */

/* Begin PBXSourcesBuildPhase section */
		8799CFD1236ACE05008AC584 /* Sources */ = {
			isa = PBXSourcesBuildPhase;
			buildActionMask = 2147483647;
			files = (
				87A2EDD62380622900F60DEF /* SignInStack.swift in Sources */,
				87D61685237C0B2800409E18 /* PresentationViewController.swift in Sources */,
				87D61683237C0B0D00409E18 /* PresentationPageViewController.swift in Sources */,
				8799CFD9236ACE05008AC584 /* AppDelegate.swift in Sources */,
				87D61687237C1C2C00409E18 /* TabViewController.swift in Sources */,
				8799CFDB236ACE05008AC584 /* SceneDelegate.swift in Sources */,
				8746258E238314E8004A7D48 /* SignInDelegateProtocol.swift in Sources */,
			);
			runOnlyForDeploymentPostprocessing = 0;
		};
/* End PBXSourcesBuildPhase section */

/* Begin PBXVariantGroup section */
		8799CFDE236ACE05008AC584 /* Main.storyboard */ = {
			isa = PBXVariantGroup;
			children = (
				8799CFDF236ACE05008AC584 /* Base */,
			);
			name = Main.storyboard;
			sourceTree = "<group>";
		};
		8799CFE3236ACE06008AC584 /* LaunchScreen.storyboard */ = {
			isa = PBXVariantGroup;
			children = (
				8799CFE4236ACE06008AC584 /* Base */,
			);
			name = LaunchScreen.storyboard;
			sourceTree = "<group>";
		};
/* End PBXVariantGroup section */

/* Begin XCBuildConfiguration section */
		8799CFE7236ACE06008AC584 /* Debug */ = {
			isa = XCBuildConfiguration;
			buildSettings = {
				ALWAYS_SEARCH_USER_PATHS = NO;
				CLANG_ANALYZER_NONNULL = YES;
				CLANG_ANALYZER_NUMBER_OBJECT_CONVERSION = YES_AGGRESSIVE;
				CLANG_CXX_LANGUAGE_STANDARD = "gnu++14";
				CLANG_CXX_LIBRARY = "libc++";
				CLANG_ENABLE_MODULES = YES;
				CLANG_ENABLE_OBJC_ARC = YES;
				CLANG_ENABLE_OBJC_WEAK = YES;
				CLANG_WARN_BLOCK_CAPTURE_AUTORELEASING = YES;
				CLANG_WARN_BOOL_CONVERSION = YES;
				CLANG_WARN_COMMA = YES;
				CLANG_WARN_CONSTANT_CONVERSION = YES;
				CLANG_WARN_DEPRECATED_OBJC_IMPLEMENTATIONS = YES;
				CLANG_WARN_DIRECT_OBJC_ISA_USAGE = YES_ERROR;
				CLANG_WARN_DOCUMENTATION_COMMENTS = YES;
				CLANG_WARN_EMPTY_BODY = YES;
				CLANG_WARN_ENUM_CONVERSION = YES;
				CLANG_WARN_INFINITE_RECURSION = YES;
				CLANG_WARN_INT_CONVERSION = YES;
				CLANG_WARN_NON_LITERAL_NULL_CONVERSION = YES;
				CLANG_WARN_OBJC_IMPLICIT_RETAIN_SELF = YES;
				CLANG_WARN_OBJC_LITERAL_CONVERSION = YES;
				CLANG_WARN_OBJC_ROOT_CLASS = YES_ERROR;
				CLANG_WARN_RANGE_LOOP_ANALYSIS = YES;
				CLANG_WARN_STRICT_PROTOTYPES = YES;
				CLANG_WARN_SUSPICIOUS_MOVE = YES;
				CLANG_WARN_UNGUARDED_AVAILABILITY = YES_AGGRESSIVE;
				CLANG_WARN_UNREACHABLE_CODE = YES;
				CLANG_WARN__DUPLICATE_METHOD_MATCH = YES;
				COPY_PHASE_STRIP = NO;
				DEBUG_INFORMATION_FORMAT = dwarf;
				ENABLE_STRICT_OBJC_MSGSEND = YES;
				ENABLE_TESTABILITY = YES;
				GCC_C_LANGUAGE_STANDARD = gnu11;
				GCC_DYNAMIC_NO_PIC = NO;
				GCC_NO_COMMON_BLOCKS = YES;
				GCC_OPTIMIZATION_LEVEL = 0;
				GCC_PREPROCESSOR_DEFINITIONS = (
					"DEBUG=1",
					"$(inherited)",
				);
				GCC_WARN_64_TO_32_BIT_CONVERSION = YES;
				GCC_WARN_ABOUT_RETURN_TYPE = YES_ERROR;
				GCC_WARN_UNDECLARED_SELECTOR = YES;
				GCC_WARN_UNINITIALIZED_AUTOS = YES_AGGRESSIVE;
				GCC_WARN_UNUSED_FUNCTION = YES;
				GCC_WARN_UNUSED_VARIABLE = YES;
				IPHONEOS_DEPLOYMENT_TARGET = 13.1;
				MTL_ENABLE_DEBUG_INFO = INCLUDE_SOURCE;
				MTL_FAST_MATH = YES;
				ONLY_ACTIVE_ARCH = YES;
				SDKROOT = iphoneos;
				SWIFT_ACTIVE_COMPILATION_CONDITIONS = DEBUG;
				SWIFT_OPTIMIZATION_LEVEL = "-Onone";
			};
			name = Debug;
		};
		8799CFE8236ACE06008AC584 /* Release */ = {
			isa = XCBuildConfiguration;
			buildSettings = {
				ALWAYS_SEARCH_USER_PATHS = NO;
				CLANG_ANALYZER_NONNULL = YES;
				CLANG_ANALYZER_NUMBER_OBJECT_CONVERSION = YES_AGGRESSIVE;
				CLANG_CXX_LANGUAGE_STANDARD = "gnu++14";
				CLANG_CXX_LIBRARY = "libc++";
				CLANG_ENABLE_MODULES = YES;
				CLANG_ENABLE_OBJC_ARC = YES;
				CLANG_ENABLE_OBJC_WEAK = YES;
				CLANG_WARN_BLOCK_CAPTURE_AUTORELEASING = YES;
				CLANG_WARN_BOOL_CONVERSION = YES;
				CLANG_WARN_COMMA = YES;
				CLANG_WARN_CONSTANT_CONVERSION = YES;
				CLANG_WARN_DEPRECATED_OBJC_IMPLEMENTATIONS = YES;
				CLANG_WARN_DIRECT_OBJC_ISA_USAGE = YES_ERROR;
				CLANG_WARN_DOCUMENTATION_COMMENTS = YES;
				CLANG_WARN_EMPTY_BODY = YES;
				CLANG_WARN_ENUM_CONVERSION = YES;
				CLANG_WARN_INFINITE_RECURSION = YES;
				CLANG_WARN_INT_CONVERSION = YES;
				CLANG_WARN_NON_LITERAL_NULL_CONVERSION = YES;
				CLANG_WARN_OBJC_IMPLICIT_RETAIN_SELF = YES;
				CLANG_WARN_OBJC_LITERAL_CONVERSION = YES;
				CLANG_WARN_OBJC_ROOT_CLASS = YES_ERROR;
				CLANG_WARN_RANGE_LOOP_ANALYSIS = YES;
				CLANG_WARN_STRICT_PROTOTYPES = YES;
				CLANG_WARN_SUSPICIOUS_MOVE = YES;
				CLANG_WARN_UNGUARDED_AVAILABILITY = YES_AGGRESSIVE;
				CLANG_WARN_UNREACHABLE_CODE = YES;
				CLANG_WARN__DUPLICATE_METHOD_MATCH = YES;
				COPY_PHASE_STRIP = NO;
				DEBUG_INFORMATION_FORMAT = "dwarf-with-dsym";
				ENABLE_NS_ASSERTIONS = NO;
				ENABLE_STRICT_OBJC_MSGSEND = YES;
				GCC_C_LANGUAGE_STANDARD = gnu11;
				GCC_NO_COMMON_BLOCKS = YES;
				GCC_WARN_64_TO_32_BIT_CONVERSION = YES;
				GCC_WARN_ABOUT_RETURN_TYPE = YES_ERROR;
				GCC_WARN_UNDECLARED_SELECTOR = YES;
				GCC_WARN_UNINITIALIZED_AUTOS = YES_AGGRESSIVE;
				GCC_WARN_UNUSED_FUNCTION = YES;
				GCC_WARN_UNUSED_VARIABLE = YES;
				IPHONEOS_DEPLOYMENT_TARGET = 13.1;
				MTL_ENABLE_DEBUG_INFO = NO;
				MTL_FAST_MATH = YES;
				SDKROOT = iphoneos;
				SWIFT_COMPILATION_MODE = wholemodule;
				SWIFT_OPTIMIZATION_LEVEL = "-O";
				VALIDATE_PRODUCT = YES;
			};
			name = Release;
		};
		8799CFEA236ACE06008AC584 /* Debug */ = {
			isa = XCBuildConfiguration;
			buildSettings = {
				ASSETCATALOG_COMPILER_APPICON_NAME = AppIcon;
				CODE_SIGN_STYLE = Automatic;
				DEVELOPMENT_TEAM = S2R484H276;
				INFOPLIST_FILE = "Fridgy Recipes/Info.plist";
				LD_RUNPATH_SEARCH_PATHS = (
					"$(inherited)",
					"@executable_path/Frameworks",
				);
				MARKETING_VERSION = 0.1;
				PRODUCT_BUNDLE_IDENTIFIER = "juniorsoftcorp.Fridgy-Recipes";
				PRODUCT_NAME = "$(TARGET_NAME)";
				SWIFT_VERSION = 5.0;
				TARGETED_DEVICE_FAMILY = "1,2";
			};
			name = Debug;
		};
		8799CFEB236ACE06008AC584 /* Release */ = {
			isa = XCBuildConfiguration;
			buildSettings = {
				ASSETCATALOG_COMPILER_APPICON_NAME = AppIcon;
				CODE_SIGN_STYLE = Automatic;
				DEVELOPMENT_TEAM = S2R484H276;
				INFOPLIST_FILE = "Fridgy Recipes/Info.plist";
				LD_RUNPATH_SEARCH_PATHS = (
					"$(inherited)",
					"@executable_path/Frameworks",
				);
				MARKETING_VERSION = 0.1;
				PRODUCT_BUNDLE_IDENTIFIER = "juniorsoftcorp.Fridgy-Recipes";
				PRODUCT_NAME = "$(TARGET_NAME)";
				SWIFT_VERSION = 5.0;
				TARGETED_DEVICE_FAMILY = "1,2";
			};
			name = Release;
		};
/* End XCBuildConfiguration section */

/* Begin XCConfigurationList section */
		8799CFD0236ACE05008AC584 /* Build configuration list for PBXProject "Fridgy Recipes" */ = {
			isa = XCConfigurationList;
			buildConfigurations = (
				8799CFE7236ACE06008AC584 /* Debug */,
				8799CFE8236ACE06008AC584 /* Release */,
			);
			defaultConfigurationIsVisible = 0;
			defaultConfigurationName = Release;
		};
		8799CFE9236ACE06008AC584 /* Build configuration list for PBXNativeTarget "Fridgy Recipes" */ = {
			isa = XCConfigurationList;
			buildConfigurations = (
				8799CFEA236ACE06008AC584 /* Debug */,
				8799CFEB236ACE06008AC584 /* Release */,
			);
			defaultConfigurationIsVisible = 0;
			defaultConfigurationName = Release;
		};
/* End XCConfigurationList section */
	};
	rootObject = 8799CFCD236ACE05008AC584 /* Project object */;
}
